# THIS IS AN AUTOGENERATED FILE. DO NOT EDIT THIS FILE DIRECTLY.
# yarn lockfile v1


"at-site-core@https://github.com/alextim/at-site-core.git":
  version "0.0.1"
  resolved "https://github.com/alextim/at-site-core.git#18cdf8e1870b618a57198236e8eae3c28c547489"

"at-slugify@https://github.com/alextim/slugify.git":
  version "0.0.1"
  resolved "https://github.com/alextim/slugify.git#e3997e9a65491e65271b63eeb9a2705f57860365"

"at-translit@https://github.com/alextim/translit.git":
  version "0.0.1"
  resolved "https://github.com/alextim/translit.git#cb25bfb6d940c303cd9c9dd934e6b8b2e18ffb30"
